
Microsoft Visual Studio Solution File, Format Version 12.00
# Visual Studio 2012
Project("{FAE04EC0-301F-11D3-BF4B-00C04F79EFBC}") = "TorahDownloader", "TorahDownloader\TorahDownloader.csproj", "{883456B1-BC18-4403-91A2-EBDDD1F4797E}"
EndProject
Project("{FAE04EC0-301F-11D3-BF4B-00C04F79EFBC}") = "TorahDownloader.Core", "TorahDownloader.Core\TorahDownloader.Core.csproj", "{370414C8-1996-4A18-9B91-696D3BB76D6E}"
EndProject
Project("{FAE04EC0-301F-11D3-BF4B-00C04F79EFBC}") = "TorahDownloader.Extension", "TorahDownloader.Extension\TorahDownloader.Extension.csproj", "{069ABDE0-A821-4509-9E99-6B5873745118}"
EndProject
Global
	GlobalSection(SolutionConfigurationPlatforms) = preSolution
		Debug|Any CPU = Debug|Any CPU
		Release|Any CPU = Release|Any CPU
	EndGlobalSection
	GlobalSection(ProjectConfigurationPlatforms) = postSolution
		{883456B1-BC18-4403-91A2-EBDDD1F4797E}.Debug|Any CPU.ActiveCfg = Debug|Any CPU
		{883456B1-BC18-4403-91A2-EBDDD1F4797E}.Debug|Any CPU.Build.0 = Debug|Any CPU
		{883456B1-BC18-4403-91A2-EBDDD1F4797E}.Release|Any CPU.ActiveCfg = Release|Any CPU
		{883456B1-BC18-4403-91A2-EBDDD1F4797E}.Release|Any CPU.Build.0 = Release|Any CPU
		{370414C8-1996-4A18-9B91-696D3BB76D6E}.Debug|Any CPU.ActiveCfg = Debug|Any CPU
		{370414C8-1996-4A18-9B91-696D3BB76D6E}.Debug|Any CPU.Build.0 = Debug|Any CPU
		{370414C8-1996-4A18-9B91-696D3BB76D6E}.Release|Any CPU.ActiveCfg = Release|Any CPU
		{370414C8-1996-4A18-9B91-696D3BB76D6E}.Release|Any CPU.Build.0 = Release|Any CPU
		{069ABDE0-A821-4509-9E99-6B5873745118}.Debug|Any CPU.ActiveCfg = Debug|Any CPU
		{069ABDE0-A821-4509-9E99-6B5873745118}.Debug|Any CPU.Build.0 = Debug|Any CPU
		{069ABDE0-A821-4509-9E99-6B5873745118}.Release|Any CPU.ActiveCfg = Release|Any CPU
		{069ABDE0-A821-4509-9E99-6B5873745118}.Release|Any CPU.Build.0 = Release|Any CPU
	EndGlobalSection
	GlobalSection(SolutionProperties) = preSolution
		HideSolutionNode = FALSE
	EndGlobalSection
EndGlobal
